
Microsoft Visual Studio Solution File, Format Version 12.00
# Visual Studio Version 17
VisualStudioVersion = 17.5.002.0
MinimumVisualStudioVersion = 10.0.40219.1
Project("{9A19103F-16F7-4668-BE54-9A1E7A4F7556}") = "Day5", "Day5\Day5.csproj", "{A276ACE3-186B-4452-97E6-E6B3429717BE}"
EndProject
Project("{FAE04EC0-301F-11D3-BF4B-00C04F79EFBC}") = "Day5.Tests", "Day5.Tests\Day5.Tests.csproj", "{665864EA-63B5-4412-8A40-162A5F99AFF1}"
EndProject
Global
	GlobalSection(SolutionConfigurationPlatforms) = preSolution
		Debug|Any CPU = Debug|Any CPU
		Release|Any CPU = Release|Any CPU
	EndGlobalSection
	GlobalSection(ProjectConfigurationPlatforms) = postSolution
		{A276ACE3-186B-4452-97E6-E6B3429717BE}.Debug|Any CPU.ActiveCfg = Debug|Any CPU
		{A276ACE3-186B-4452-97E6-E6B3429717BE}.Debug|Any CPU.Build.0 = Debug|Any CPU
		{A276ACE3-186B-4452-97E6-E6B3429717BE}.Release|Any CPU.ActiveCfg = Release|Any CPU
		{A276ACE3-186B-4452-97E6-E6B3429717BE}.Release|Any CPU.Build.0 = Release|Any CPU
		{665864EA-63B5-4412-8A40-162A5F99AFF1}.Debug|Any CPU.ActiveCfg = Debug|Any CPU
		{665864EA-63B5-4412-8A40-162A5F99AFF1}.Debug|Any CPU.Build.0 = Debug|Any CPU
		{665864EA-63B5-4412-8A40-162A5F99AFF1}.Release|Any CPU.ActiveCfg = Release|Any CPU
		{665864EA-63B5-4412-8A40-162A5F99AFF1}.Release|Any CPU.Build.0 = Release|Any CPU
	EndGlobalSection
	GlobalSection(SolutionProperties) = preSolution
		HideSolutionNode = FALSE
	EndGlobalSection
	GlobalSection(ExtensibilityGlobals) = postSolution
		SolutionGuid = {53E8EB47-A53B-418E-830B-39263C5420D8}
	EndGlobalSection
EndGlobal
