
Microsoft Visual Studio Solution File, Format Version 12.00
# Visual Studio Version 17
VisualStudioVersion = 17.5.002.0
MinimumVisualStudioVersion = 10.0.40219.1
Project("{9A19103F-16F7-4668-BE54-9A1E7A4F7556}") = "Day9", "Day9.csproj", "{A25A8C01-14A2-42C4-8BF5-4755C41F4C00}"
EndProject
Global
	GlobalSection(SolutionConfigurationPlatforms) = preSolution
		Debug|Any CPU = Debug|Any CPU
		Release|Any CPU = Release|Any CPU
	EndGlobalSection
	GlobalSection(ProjectConfigurationPlatforms) = postSolution
		{A25A8C01-14A2-42C4-8BF5-4755C41F4C00}.Debug|Any CPU.ActiveCfg = Debug|Any CPU
		{A25A8C01-14A2-42C4-8BF5-4755C41F4C00}.Debug|Any CPU.Build.0 = Debug|Any CPU
		{A25A8C01-14A2-42C4-8BF5-4755C41F4C00}.Release|Any CPU.ActiveCfg = Release|Any CPU
		{A25A8C01-14A2-42C4-8BF5-4755C41F4C00}.Release|Any CPU.Build.0 = Release|Any CPU
	EndGlobalSection
	GlobalSection(SolutionProperties) = preSolution
		HideSolutionNode = FALSE
	EndGlobalSection
	GlobalSection(ExtensibilityGlobals) = postSolution
		SolutionGuid = {3D5A82EB-2EBC-4B65-A67E-A815DB478806}
	EndGlobalSection
EndGlobal
