
Microsoft Visual Studio Solution File, Format Version 12.00
# Visual Studio Version 17
VisualStudioVersion = 17.5.002.0
MinimumVisualStudioVersion = 10.0.40219.1
Project("{9A19103F-16F7-4668-BE54-9A1E7A4F7556}") = "Day3", "Day3.csproj", "{239D3CDC-7E94-40AF-827C-C2AE774744F2}"
EndProject
Global
	GlobalSection(SolutionConfigurationPlatforms) = preSolution
		Debug|Any CPU = Debug|Any CPU
		Release|Any CPU = Release|Any CPU
	EndGlobalSection
	GlobalSection(ProjectConfigurationPlatforms) = postSolution
		{239D3CDC-7E94-40AF-827C-C2AE774744F2}.Debug|Any CPU.ActiveCfg = Debug|Any CPU
		{239D3CDC-7E94-40AF-827C-C2AE774744F2}.Debug|Any CPU.Build.0 = Debug|Any CPU
		{239D3CDC-7E94-40AF-827C-C2AE774744F2}.Release|Any CPU.ActiveCfg = Release|Any CPU
		{239D3CDC-7E94-40AF-827C-C2AE774744F2}.Release|Any CPU.Build.0 = Release|Any CPU
	EndGlobalSection
	GlobalSection(SolutionProperties) = preSolution
		HideSolutionNode = FALSE
	EndGlobalSection
	GlobalSection(ExtensibilityGlobals) = postSolution
		SolutionGuid = {EDBD05B6-5CA4-43DA-9AE3-11BE9D6EB251}
	EndGlobalSection
EndGlobal
